
Microsoft Visual Studio Solution File, Format Version 12.00
# Visual Studio 2013
VisualStudioVersion = 12.0.40629.0
MinimumVisualStudioVersion = 10.0.40219.1
Project("{FAE04EC0-301F-11D3-BF4B-00C04F79EFBC}") = "OpenCg", "OpenCg\OpenCg.csproj", "{75D8410E-684C-485A-84E4-3821DDEFE470}"
EndProject
Project("{FAE04EC0-301F-11D3-BF4B-00C04F79EFBC}") = "OpenCg.Examples", "OpenCg.Examples\OpenCg.Examples.csproj", "{9B606262-A74F-496C-8B19-D88CFDC9C29A}"
EndProject
Global
	GlobalSection(SolutionConfigurationPlatforms) = preSolution
		Debug|Any CPU = Debug|Any CPU
		Debug|Mixed Platforms = Debug|Mixed Platforms
		Debug|x86 = Debug|x86
		Release|Any CPU = Release|Any CPU
		Release|Mixed Platforms = Release|Mixed Platforms
		Release|x86 = Release|x86
	EndGlobalSection
	GlobalSection(ProjectConfigurationPlatforms) = postSolution
		{75D8410E-684C-485A-84E4-3821DDEFE470}.Debug|Any CPU.ActiveCfg = Debug|Any CPU
		{75D8410E-684C-485A-84E4-3821DDEFE470}.Debug|Any CPU.Build.0 = Debug|Any CPU
		{75D8410E-684C-485A-84E4-3821DDEFE470}.Debug|Mixed Platforms.ActiveCfg = Debug|Any CPU
		{75D8410E-684C-485A-84E4-3821DDEFE470}.Debug|Mixed Platforms.Build.0 = Debug|Any CPU
		{75D8410E-684C-485A-84E4-3821DDEFE470}.Debug|x86.ActiveCfg = Debug|Any CPU
		{75D8410E-684C-485A-84E4-3821DDEFE470}.Release|Any CPU.ActiveCfg = Release|Any CPU
		{75D8410E-684C-485A-84E4-3821DDEFE470}.Release|Any CPU.Build.0 = Release|Any CPU
		{75D8410E-684C-485A-84E4-3821DDEFE470}.Release|Mixed Platforms.ActiveCfg = Release|Any CPU
		{75D8410E-684C-485A-84E4-3821DDEFE470}.Release|Mixed Platforms.Build.0 = Release|Any CPU
		{75D8410E-684C-485A-84E4-3821DDEFE470}.Release|x86.ActiveCfg = Release|Any CPU
		{9B606262-A74F-496C-8B19-D88CFDC9C29A}.Debug|Any CPU.ActiveCfg = Debug|x86
		{9B606262-A74F-496C-8B19-D88CFDC9C29A}.Debug|Mixed Platforms.ActiveCfg = Debug|x86
		{9B606262-A74F-496C-8B19-D88CFDC9C29A}.Debug|Mixed Platforms.Build.0 = Debug|x86
		{9B606262-A74F-496C-8B19-D88CFDC9C29A}.Debug|x86.ActiveCfg = Debug|x86
		{9B606262-A74F-496C-8B19-D88CFDC9C29A}.Debug|x86.Build.0 = Debug|x86
		{9B606262-A74F-496C-8B19-D88CFDC9C29A}.Release|Any CPU.ActiveCfg = Release|x86
		{9B606262-A74F-496C-8B19-D88CFDC9C29A}.Release|Mixed Platforms.ActiveCfg = Release|x86
		{9B606262-A74F-496C-8B19-D88CFDC9C29A}.Release|Mixed Platforms.Build.0 = Release|x86
		{9B606262-A74F-496C-8B19-D88CFDC9C29A}.Release|x86.ActiveCfg = Release|x86
		{9B606262-A74F-496C-8B19-D88CFDC9C29A}.Release|x86.Build.0 = Release|x86
	EndGlobalSection
	GlobalSection(SolutionProperties) = preSolution
		HideSolutionNode = FALSE
	EndGlobalSection
EndGlobal
